{
  "name": "callback-to-generator",
  "version": "1.0.0",
  "lockfileVersion": 1,
  "requires": true,
  "dependencies": {
    "inheritable-function-class": {
      "version": "git+ssh://git@github.com/yniks/Inheritable-Function-Class.git#bc3f85eedc26e612531c739d95db8cae847a5cd7",
      "from": "git+ssh://git@github.com/yniks/Inheritable-Function-Class.git"
    },
    "typedoc-clarity-theme": {
      "version": "1.1.0",
      "resolved": "https://registry.npmjs.org/typedoc-clarity-theme/-/typedoc-clarity-theme-1.1.0.tgz",
      "integrity": "sha1-ESlK3eTzQuL8ZqX6Yqb7dDjMVhw=",
      "dev": true
    }
  }
}
